// !$*UTF8*$!
{
	archiveVersion = 1;
	classes = {
	};
	objectVersion = 50;
	objects = {

/* Begin PBXBuildFile section */
		7D7D07050F13B7CD81F6BF05 /* Pods_TodaysOutside.framework in Frameworks */ = {isa = PBXBuildFile; fileRef = 2E2E56D278A33F918BE26EC9 /* Pods_TodaysOutside.framework */; };
		FAA699E025D14D1A00CC59C1 /* AppDelegate.swift in Sources */ = {isa = PBXBuildFile; fileRef = FAA699DF25D14D1A00CC59C1 /* AppDelegate.swift */; };
		FAA699E225D14D1A00CC59C1 /* SceneDelegate.swift in Sources */ = {isa = PBXBuildFile; fileRef = FAA699E125D14D1A00CC59C1 /* SceneDelegate.swift */; };
		FAA699E725D14D1A00CC59C1 /* Main.storyboard in Resources */ = {isa = PBXBuildFile; fileRef = FAA699E525D14D1A00CC59C1 /* Main.storyboard */; };
		FAA699E925D14D1C00CC59C1 /* Assets.xcassets in Resources */ = {isa = PBXBuildFile; fileRef = FAA699E825D14D1C00CC59C1 /* Assets.xcassets */; };
		FAA699EC25D14D1C00CC59C1 /* LaunchScreen.storyboard in Resources */ = {isa = PBXBuildFile; fileRef = FAA699EA25D14D1C00CC59C1 /* LaunchScreen.storyboard */; };
		FAA699FC25D151F800CC59C1 /* KakaoOpenSDK.framework in Frameworks */ = {isa = PBXBuildFile; fileRef = FAA699FB25D151F800CC59C1 /* KakaoOpenSDK.framework */; };
		FAA699FE25D152AE00CC59C1 /* LoginViewController.swift in Sources */ = {isa = PBXBuildFile; fileRef = FAA699FD25D152AE00CC59C1 /* LoginViewController.swift */; };
		FAA69A0025D152CD00CC59C1 /* MainViewController.swift in Sources */ = {isa = PBXBuildFile; fileRef = FAA699FF25D152CD00CC59C1 /* MainViewController.swift */; };
/* End PBXBuildFile section */

/* Begin PBXCopyFilesBuildPhase section */
		FAA699F825D14DAD00CC59C1 /* Embed Frameworks */ = {
			isa = PBXCopyFilesBuildPhase;
			buildActionMask = 2147483647;
			dstPath = "";
			dstSubfolderSpec = 10;
			files = (
			);
			name = "Embed Frameworks";
			runOnlyForDeploymentPostprocessing = 0;
		};
/* End PBXCopyFilesBuildPhase section */

/* Begin PBXFileReference section */
		2E2E56D278A33F918BE26EC9 /* Pods_TodaysOutside.framework */ = {isa = PBXFileReference; explicitFileType = wrapper.framework; includeInIndex = 0; path = Pods_TodaysOutside.framework; sourceTree = BUILT_PRODUCTS_DIR; };
		810D55792C7A737A2D8518B9 /* Pods-TodaysOutside.debug.xcconfig */ = {isa = PBXFileReference; includeInIndex = 1; lastKnownFileType = text.xcconfig; name = "Pods-TodaysOutside.debug.xcconfig"; path = "Target Support Files/Pods-TodaysOutside/Pods-TodaysOutside.debug.xcconfig"; sourceTree = "<group>"; };
		DCCC64E341C794045B437614 /* Pods-TodaysOutside.release.xcconfig */ = {isa = PBXFileReference; includeInIndex = 1; lastKnownFileType = text.xcconfig; name = "Pods-TodaysOutside.release.xcconfig"; path = "Target Support Files/Pods-TodaysOutside/Pods-TodaysOutside.release.xcconfig"; sourceTree = "<group>"; };
		FAA699DC25D14D1A00CC59C1 /* TodaysOutside.app */ = {isa = PBXFileReference; explicitFileType = wrapper.application; includeInIndex = 0; path = TodaysOutside.app; sourceTree = BUILT_PRODUCTS_DIR; };
		FAA699DF25D14D1A00CC59C1 /* AppDelegate.swift */ = {isa = PBXFileReference; lastKnownFileType = sourcecode.swift; path = AppDelegate.swift; sourceTree = "<group>"; };
		FAA699E125D14D1A00CC59C1 /* SceneDelegate.swift */ = {isa = PBXFileReference; lastKnownFileType = sourcecode.swift; path = SceneDelegate.swift; sourceTree = "<group>"; };
		FAA699E625D14D1A00CC59C1 /* Base */ = {isa = PBXFileReference; lastKnownFileType = file.storyboard; name = Base; path = Base.lproj/Main.storyboard; sourceTree = "<group>"; };
		FAA699E825D14D1C00CC59C1 /* Assets.xcassets */ = {isa = PBXFileReference; lastKnownFileType = folder.assetcatalog; path = Assets.xcassets; sourceTree = "<group>"; };
		FAA699EB25D14D1C00CC59C1 /* Base */ = {isa = PBXFileReference; lastKnownFileType = file.storyboard; name = Base; path = Base.lproj/LaunchScreen.storyboard; sourceTree = "<group>"; };
		FAA699ED25D14D1C00CC59C1 /* Info.plist */ = {isa = PBXFileReference; lastKnownFileType = text.plist.xml; path = Info.plist; sourceTree = "<group>"; };
		FAA699FA25D14FAC00CC59C1 /* KakaoOpenSDK-Bridging-Header.h */ = {isa = PBXFileReference; lastKnownFileType = sourcecode.c.h; path = "KakaoOpenSDK-Bridging-Header.h"; sourceTree = "<group>"; };
		FAA699FB25D151F800CC59C1 /* KakaoOpenSDK.framework */ = {isa = PBXFileReference; lastKnownFileType = wrapper.framework; path = KakaoOpenSDK.framework; sourceTree = "<group>"; };
		FAA699FD25D152AE00CC59C1 /* LoginViewController.swift */ = {isa = PBXFileReference; lastKnownFileType = sourcecode.swift; path = LoginViewController.swift; sourceTree = "<group>"; };
		FAA699FF25D152CD00CC59C1 /* MainViewController.swift */ = {isa = PBXFileReference; lastKnownFileType = sourcecode.swift; path = MainViewController.swift; sourceTree = "<group>"; };
/* End PBXFileReference section */

/* Begin PBXFrameworksBuildPhase section */
		FAA699D925D14D1A00CC59C1 /* Frameworks */ = {
			isa = PBXFrameworksBuildPhase;
			buildActionMask = 2147483647;
			files = (
				FAA699FC25D151F800CC59C1 /* KakaoOpenSDK.framework in Frameworks */,
				7D7D07050F13B7CD81F6BF05 /* Pods_TodaysOutside.framework in Frameworks */,
			);
			runOnlyForDeploymentPostprocessing = 0;
		};
/* End PBXFrameworksBuildPhase section */

/* Begin PBXGroup section */
		59ECE1D8576F0E3D56BABB35 /* Pods */ = {
			isa = PBXGroup;
			children = (
				810D55792C7A737A2D8518B9 /* Pods-TodaysOutside.debug.xcconfig */,
				DCCC64E341C794045B437614 /* Pods-TodaysOutside.release.xcconfig */,
			);
			path = Pods;
			sourceTree = "<group>";
		};
		FAA699D325D14D1A00CC59C1 = {
			isa = PBXGroup;
			children = (
				FAA699FA25D14FAC00CC59C1 /* KakaoOpenSDK-Bridging-Header.h */,
				FAA699DE25D14D1A00CC59C1 /* TodaysOutside */,
				FAA699DD25D14D1A00CC59C1 /* Products */,
				FAA699F425D14DAD00CC59C1 /* Frameworks */,
				59ECE1D8576F0E3D56BABB35 /* Pods */,
			);
			sourceTree = "<group>";
		};
		FAA699DD25D14D1A00CC59C1 /* Products */ = {
			isa = PBXGroup;
			children = (
				FAA699DC25D14D1A00CC59C1 /* TodaysOutside.app */,
			);
			name = Products;
			sourceTree = "<group>";
		};
		FAA699DE25D14D1A00CC59C1 /* TodaysOutside */ = {
			isa = PBXGroup;
			children = (
				FAA699DF25D14D1A00CC59C1 /* AppDelegate.swift */,
				FAA699E125D14D1A00CC59C1 /* SceneDelegate.swift */,
				FAA699E525D14D1A00CC59C1 /* Main.storyboard */,
				FAA699E825D14D1C00CC59C1 /* Assets.xcassets */,
				FAA699EA25D14D1C00CC59C1 /* LaunchScreen.storyboard */,
				FAA699ED25D14D1C00CC59C1 /* Info.plist */,
				FAA699FD25D152AE00CC59C1 /* LoginViewController.swift */,
				FAA699FF25D152CD00CC59C1 /* MainViewController.swift */,
			);
			path = TodaysOutside;
			sourceTree = "<group>";
		};
		FAA699F425D14DAD00CC59C1 /* Frameworks */ = {
			isa = PBXGroup;
			children = (
				FAA699FB25D151F800CC59C1 /* KakaoOpenSDK.framework */,
				2E2E56D278A33F918BE26EC9 /* Pods_TodaysOutside.framework */,
			);
			name = Frameworks;
			sourceTree = "<group>";
		};
/* End PBXGroup section */

/* Begin PBXNativeTarget section */
		FAA699DB25D14D1A00CC59C1 /* TodaysOutside */ = {
			isa = PBXNativeTarget;
			buildConfigurationList = FAA699F025D14D1C00CC59C1 /* Build configuration list for PBXNativeTarget "TodaysOutside" */;
			buildPhases = (
				19662ADEE796EE11032A19D2 /* [CP] Check Pods Manifest.lock */,
				FAA699D825D14D1A00CC59C1 /* Sources */,
				FAA699D925D14D1A00CC59C1 /* Frameworks */,
				FAA699DA25D14D1A00CC59C1 /* Resources */,
				FAA699F825D14DAD00CC59C1 /* Embed Frameworks */,
			);
			buildRules = (
			);
			dependencies = (
			);
			name = TodaysOutside;
			productName = TodaysOutside;
			productReference = FAA699DC25D14D1A00CC59C1 /* TodaysOutside.app */;
			productType = "com.apple.product-type.application";
		};
/* End PBXNativeTarget section */

/* Begin PBXProject section */
		FAA699D425D14D1A00CC59C1 /* Project object */ = {
			isa = PBXProject;
			attributes = {
				LastSwiftUpdateCheck = 1210;
				LastUpgradeCheck = 1210;
				TargetAttributes = {
					FAA699DB25D14D1A00CC59C1 = {
						CreatedOnToolsVersion = 12.1;
					};
				};
			};
			buildConfigurationList = FAA699D725D14D1A00CC59C1 /* Build configuration list for PBXProject "TodaysOutside" */;
			compatibilityVersion = "Xcode 9.3";
			developmentRegion = en;
			hasScannedForEncodings = 0;
			knownRegions = (
				en,
				Base,
			);
			mainGroup = FAA699D325D14D1A00CC59C1;
			productRefGroup = FAA699DD25D14D1A00CC59C1 /* Products */;
			projectDirPath = "";
			projectRoot = "";
			targets = (
				FAA699DB25D14D1A00CC59C1 /* TodaysOutside */,
			);
		};
/* End PBXProject section */

/* Begin PBXResourcesBuildPhase section */
		FAA699DA25D14D1A00CC59C1 /* Resources */ = {
			isa = PBXResourcesBuildPhase;
			buildActionMask = 2147483647;
			files = (
				FAA699EC25D14D1C00CC59C1 /* LaunchScreen.storyboard in Resources */,
				FAA699E925D14D1C00CC59C1 /* Assets.xcassets in Resources */,
				FAA699E725D14D1A00CC59C1 /* Main.storyboard in Resources */,
			);
			runOnlyForDeploymentPostprocessing = 0;
		};
/* End PBXResourcesBuildPhase section */

/* Begin PBXShellScriptBuildPhase section */
		19662ADEE796EE11032A19D2 /* [CP] Check Pods Manifest.lock */ = {
			isa = PBXShellScriptBuildPhase;
			buildActionMask = 2147483647;
			files = (
			);
			inputFileListPaths = (
			);
			inputPaths = (
				"${PODS_PODFILE_DIR_PATH}/Podfile.lock",
				"${PODS_ROOT}/Manifest.lock",
			);
			name = "[CP] Check Pods Manifest.lock";
			outputFileListPaths = (
			);
			outputPaths = (
				"$(DERIVED_FILE_DIR)/Pods-TodaysOutside-checkManifestLockResult.txt",
			);
			runOnlyForDeploymentPostprocessing = 0;
			shellPath = /bin/sh;
			shellScript = "diff \"${PODS_PODFILE_DIR_PATH}/Podfile.lock\" \"${PODS_ROOT}/Manifest.lock\" > /dev/null\nif [ $? != 0 ] ; then\n    # print error to STDERR\n    echo \"error: The sandbox is not in sync with the Podfile.lock. Run 'pod install' or update your CocoaPods installation.\" >&2\n    exit 1\nfi\n# This output is used by Xcode 'outputs' to avoid re-running this script phase.\necho \"SUCCESS\" > \"${SCRIPT_OUTPUT_FILE_0}\"\n";
			showEnvVarsInLog = 0;
		};
/* End PBXShellScriptBuildPhase section */

/* Begin PBXSourcesBuildPhase section */
		FAA699D825D14D1A00CC59C1 /* Sources */ = {
			isa = PBXSourcesBuildPhase;
			buildActionMask = 2147483647;
			files = (
				FAA699FE25D152AE00CC59C1 /* LoginViewController.swift in Sources */,
				FAA699E025D14D1A00CC59C1 /* AppDelegate.swift in Sources */,
				FAA699E225D14D1A00CC59C1 /* SceneDelegate.swift in Sources */,
				FAA69A0025D152CD00CC59C1 /* MainViewController.swift in Sources */,
			);
			runOnlyForDeploymentPostprocessing = 0;
		};
/* End PBXSourcesBuildPhase section */

/* Begin PBXVariantGroup section */
		FAA699E525D14D1A00CC59C1 /* Main.storyboard */ = {
			isa = PBXVariantGroup;
			children = (
				FAA699E625D14D1A00CC59C1 /* Base */,
			);
			name = Main.storyboard;
			sourceTree = "<group>";
		};
		FAA699EA25D14D1C00CC59C1 /* LaunchScreen.storyboard */ = {
			isa = PBXVariantGroup;
			children = (
				FAA699EB25D14D1C00CC59C1 /* Base */,
			);
			name = LaunchScreen.storyboard;
			sourceTree = "<group>";
		};
/* End PBXVariantGroup section */

/* Begin XCBuildConfiguration section */
		FAA699EE25D14D1C00CC59C1 /* Debug */ = {
			isa = XCBuildConfiguration;
			buildSettings = {
				ALWAYS_SEARCH_USER_PATHS = NO;
				CLANG_ANALYZER_NONNULL = YES;
				CLANG_ANALYZER_NUMBER_OBJECT_CONVERSION = YES_AGGRESSIVE;
				CLANG_CXX_LANGUAGE_STANDARD = "gnu++14";
				CLANG_CXX_LIBRARY = "libc++";
				CLANG_ENABLE_MODULES = YES;
				CLANG_ENABLE_OBJC_ARC = YES;
				CLANG_ENABLE_OBJC_WEAK = YES;
				CLANG_WARN_BLOCK_CAPTURE_AUTORELEASING = YES;
				CLANG_WARN_BOOL_CONVERSION = YES;
				CLANG_WARN_COMMA = YES;
				CLANG_WARN_CONSTANT_CONVERSION = YES;
				CLANG_WARN_DEPRECATED_OBJC_IMPLEMENTATIONS = YES;
				CLANG_WARN_DIRECT_OBJC_ISA_USAGE = YES_ERROR;
				CLANG_WARN_DOCUMENTATION_COMMENTS = YES;
				CLANG_WARN_EMPTY_BODY = YES;
				CLANG_WARN_ENUM_CONVERSION = YES;
				CLANG_WARN_INFINITE_RECURSION = YES;
				CLANG_WARN_INT_CONVERSION = YES;
				CLANG_WARN_NON_LITERAL_NULL_CONVERSION = YES;
				CLANG_WARN_OBJC_IMPLICIT_RETAIN_SELF = YES;
				CLANG_WARN_OBJC_LITERAL_CONVERSION = YES;
				CLANG_WARN_OBJC_ROOT_CLASS = YES_ERROR;
				CLANG_WARN_QUOTED_INCLUDE_IN_FRAMEWORK_HEADER = YES;
				CLANG_WARN_RANGE_LOOP_ANALYSIS = YES;
				CLANG_WARN_STRICT_PROTOTYPES = YES;
				CLANG_WARN_SUSPICIOUS_MOVE = YES;
				CLANG_WARN_UNGUARDED_AVAILABILITY = YES_AGGRESSIVE;
				CLANG_WARN_UNREACHABLE_CODE = YES;
				CLANG_WARN__DUPLICATE_METHOD_MATCH = YES;
				COPY_PHASE_STRIP = NO;
				DEBUG_INFORMATION_FORMAT = dwarf;
				ENABLE_STRICT_OBJC_MSGSEND = YES;
				ENABLE_TESTABILITY = YES;
				GCC_C_LANGUAGE_STANDARD = gnu11;
				GCC_DYNAMIC_NO_PIC = NO;
				GCC_NO_COMMON_BLOCKS = YES;
				GCC_OPTIMIZATION_LEVEL = 0;
				GCC_PREPROCESSOR_DEFINITIONS = (
					"DEBUG=1",
					"$(inherited)",
				);
				GCC_WARN_64_TO_32_BIT_CONVERSION = YES;
				GCC_WARN_ABOUT_RETURN_TYPE = YES_ERROR;
				GCC_WARN_UNDECLARED_SELECTOR = YES;
				GCC_WARN_UNINITIALIZED_AUTOS = YES_AGGRESSIVE;
				GCC_WARN_UNUSED_FUNCTION = YES;
				GCC_WARN_UNUSED_VARIABLE = YES;
				IPHONEOS_DEPLOYMENT_TARGET = 14.1;
				MTL_ENABLE_DEBUG_INFO = INCLUDE_SOURCE;
				MTL_FAST_MATH = YES;
				ONLY_ACTIVE_ARCH = YES;
				SDKROOT = iphoneos;
				SWIFT_ACTIVE_COMPILATION_CONDITIONS = DEBUG;
				SWIFT_OPTIMIZATION_LEVEL = "-Onone";
			};
			name = Debug;
		};
		FAA699EF25D14D1C00CC59C1 /* Release */ = {
			isa = XCBuildConfiguration;
			buildSettings = {
				ALWAYS_SEARCH_USER_PATHS = NO;
				CLANG_ANALYZER_NONNULL = YES;
				CLANG_ANALYZER_NUMBER_OBJECT_CONVERSION = YES_AGGRESSIVE;
				CLANG_CXX_LANGUAGE_STANDARD = "gnu++14";
				CLANG_CXX_LIBRARY = "libc++";
				CLANG_ENABLE_MODULES = YES;
				CLANG_ENABLE_OBJC_ARC = YES;
				CLANG_ENABLE_OBJC_WEAK = YES;
				CLANG_WARN_BLOCK_CAPTURE_AUTORELEASING = YES;
				CLANG_WARN_BOOL_CONVERSION = YES;
				CLANG_WARN_COMMA = YES;
				CLANG_WARN_CONSTANT_CONVERSION = YES;
				CLANG_WARN_DEPRECATED_OBJC_IMPLEMENTATIONS = YES;
				CLANG_WARN_DIRECT_OBJC_ISA_USAGE = YES_ERROR;
				CLANG_WARN_DOCUMENTATION_COMMENTS = YES;
				CLANG_WARN_EMPTY_BODY = YES;
				CLANG_WARN_ENUM_CONVERSION = YES;
				CLANG_WARN_INFINITE_RECURSION = YES;
				CLANG_WARN_INT_CONVERSION = YES;
				CLANG_WARN_NON_LITERAL_NULL_CONVERSION = YES;
				CLANG_WARN_OBJC_IMPLICIT_RETAIN_SELF = YES;
				CLANG_WARN_OBJC_LITERAL_CONVERSION = YES;
				CLANG_WARN_OBJC_ROOT_CLASS = YES_ERROR;
				CLANG_WARN_QUOTED_INCLUDE_IN_FRAMEWORK_HEADER = YES;
				CLANG_WARN_RANGE_LOOP_ANALYSIS = YES;
				CLANG_WARN_STRICT_PROTOTYPES = YES;
				CLANG_WARN_SUSPICIOUS_MOVE = YES;
				CLANG_WARN_UNGUARDED_AVAILABILITY = YES_AGGRESSIVE;
				CLANG_WARN_UNREACHABLE_CODE = YES;
				CLANG_WARN__DUPLICATE_METHOD_MATCH = YES;
				COPY_PHASE_STRIP = NO;
				DEBUG_INFORMATION_FORMAT = "dwarf-with-dsym";
				ENABLE_NS_ASSERTIONS = NO;
				ENABLE_STRICT_OBJC_MSGSEND = YES;
				GCC_C_LANGUAGE_STANDARD = gnu11;
				GCC_NO_COMMON_BLOCKS = YES;
				GCC_WARN_64_TO_32_BIT_CONVERSION = YES;
				GCC_WARN_ABOUT_RETURN_TYPE = YES_ERROR;
				GCC_WARN_UNDECLARED_SELECTOR = YES;
				GCC_WARN_UNINITIALIZED_AUTOS = YES_AGGRESSIVE;
				GCC_WARN_UNUSED_FUNCTION = YES;
				GCC_WARN_UNUSED_VARIABLE = YES;
				IPHONEOS_DEPLOYMENT_TARGET = 14.1;
				MTL_ENABLE_DEBUG_INFO = NO;
				MTL_FAST_MATH = YES;
				SDKROOT = iphoneos;
				SWIFT_COMPILATION_MODE = wholemodule;
				SWIFT_OPTIMIZATION_LEVEL = "-O";
				VALIDATE_PRODUCT = YES;
			};
			name = Release;
		};
		FAA699F125D14D1C00CC59C1 /* Debug */ = {
			isa = XCBuildConfiguration;
			baseConfigurationReference = 810D55792C7A737A2D8518B9 /* Pods-TodaysOutside.debug.xcconfig */;
			buildSettings = {
				ASSETCATALOG_COMPILER_APPICON_NAME = AppIcon;
				ASSETCATALOG_COMPILER_GLOBAL_ACCENT_COLOR_NAME = AccentColor;
				CODE_SIGN_STYLE = Automatic;
				FRAMEWORK_SEARCH_PATHS = (
					"$(inherited)",
					"$(PROJECT_DIR)",
				);
				INFOPLIST_FILE = TodaysOutside/Info.plist;
				LD_RUNPATH_SEARCH_PATHS = (
					"$(inherited)",
					"@executable_path/Frameworks",
				);
				OTHER_LDFLAGS = "-all_load";
				PRODUCT_BUNDLE_IDENTIFIER = sapere4ude.TodaysOutside;
				PRODUCT_NAME = "$(TARGET_NAME)";
				SWIFT_OBJC_BRIDGING_HEADER = "KakaoOpenSDK-Bridging-Header.h";
				SWIFT_VERSION = 5.0;
				TARGETED_DEVICE_FAMILY = "1,2";
			};
			name = Debug;
		};
		FAA699F225D14D1C00CC59C1 /* Release */ = {
			isa = XCBuildConfiguration;
			baseConfigurationReference = DCCC64E341C794045B437614 /* Pods-TodaysOutside.release.xcconfig */;
			buildSettings = {
				ASSETCATALOG_COMPILER_APPICON_NAME = AppIcon;
				ASSETCATALOG_COMPILER_GLOBAL_ACCENT_COLOR_NAME = AccentColor;
				CODE_SIGN_STYLE = Automatic;
				FRAMEWORK_SEARCH_PATHS = (
					"$(inherited)",
					"$(PROJECT_DIR)",
				);
				INFOPLIST_FILE = TodaysOutside/Info.plist;
				LD_RUNPATH_SEARCH_PATHS = (
					"$(inherited)",
					"@executable_path/Frameworks",
				);
				OTHER_LDFLAGS = "-all_load";
				PRODUCT_BUNDLE_IDENTIFIER = sapere4ude.TodaysOutside;
				PRODUCT_NAME = "$(TARGET_NAME)";
				SWIFT_OBJC_BRIDGING_HEADER = "KakaoOpenSDK-Bridging-Header.h";
				SWIFT_VERSION = 5.0;
				TARGETED_DEVICE_FAMILY = "1,2";
			};
			name = Release;
		};
/* End XCBuildConfiguration section */

/* Begin XCConfigurationList section */
		FAA699D725D14D1A00CC59C1 /* Build configuration list for PBXProject "TodaysOutside" */ = {
			isa = XCConfigurationList;
			buildConfigurations = (
				FAA699EE25D14D1C00CC59C1 /* Debug */,
				FAA699EF25D14D1C00CC59C1 /* Release */,
			);
			defaultConfigurationIsVisible = 0;
			defaultConfigurationName = Release;
		};
		FAA699F025D14D1C00CC59C1 /* Build configuration list for PBXNativeTarget "TodaysOutside" */ = {
			isa = XCConfigurationList;
			buildConfigurations = (
				FAA699F125D14D1C00CC59C1 /* Debug */,
				FAA699F225D14D1C00CC59C1 /* Release */,
			);
			defaultConfigurationIsVisible = 0;
			defaultConfigurationName = Release;
		};
/* End XCConfigurationList section */
	};
	rootObject = FAA699D425D14D1A00CC59C1 /* Project object */;
}
